
Microsoft Visual Studio Solution File, Format Version 12.00
# Visual Studio Version 17
VisualStudioVersion = 17.2.32616.157
MinimumVisualStudioVersion = 10.0.40219.1
Project("{8BC9CEB8-8B4A-11D0-8D11-00A0C91BC942}") = "cpp-dx12-sample-3d-model", "cpp-dx12-sample-3d-model\cpp-dx12-sample-3d-model.vcxproj", "{AA38B62E-44BF-4FC9-AA22-6393FB4F339A}"
EndProject
Global
	GlobalSection(SolutionConfigurationPlatforms) = preSolution
		Debug|x64 = Debug|x64
		Debug|x86 = Debug|x86
		Release|x64 = Release|x64
		Release|x86 = Release|x86
	EndGlobalSection
	GlobalSection(ProjectConfigurationPlatforms) = postSolution
		{AA38B62E-44BF-4FC9-AA22-6393FB4F339A}.Debug|x64.ActiveCfg = Debug|x64
		{AA38B62E-44BF-4FC9-AA22-6393FB4F339A}.Debug|x64.Build.0 = Debug|x64
		{AA38B62E-44BF-4FC9-AA22-6393FB4F339A}.Debug|x86.ActiveCfg = Debug|Win32
		{AA38B62E-44BF-4FC9-AA22-6393FB4F339A}.Debug|x86.Build.0 = Debug|Win32
		{AA38B62E-44BF-4FC9-AA22-6393FB4F339A}.Release|x64.ActiveCfg = Release|x64
		{AA38B62E-44BF-4FC9-AA22-6393FB4F339A}.Release|x64.Build.0 = Release|x64
		{AA38B62E-44BF-4FC9-AA22-6393FB4F339A}.Release|x86.ActiveCfg = Release|Win32
		{AA38B62E-44BF-4FC9-AA22-6393FB4F339A}.Release|x86.Build.0 = Release|Win32
	EndGlobalSection
	GlobalSection(SolutionProperties) = preSolution
		HideSolutionNode = FALSE
	EndGlobalSection
	GlobalSection(ExtensibilityGlobals) = postSolution
		SolutionGuid = {5CB19C86-405D-4946-B1FD-049650074523}
	EndGlobalSection
EndGlobal
